// !$*UTF8*$!
{
	archiveVersion = 1;
	classes = {
	};
	objectVersion = 55;
	objects = {

/* Begin PBXBuildFile section */
		7762DEE32A36932300E5F243 /* GoogleService-Info.plist in Resources */ = {isa = PBXBuildFile; fileRef = 7762DEE22A36932200E5F243 /* GoogleService-Info.plist */; };
		7762DF2A2A369E2F00E5F243 /* FirebaseAnalytics in Frameworks */ = {isa = PBXBuildFile; productRef = 7762DF292A369E2F00E5F243 /* FirebaseAnalytics */; };
		7762DF2C2A369E2F00E5F243 /* FirebaseAnalyticsOnDeviceConversion in Frameworks */ = {isa = PBXBuildFile; productRef = 7762DF2B2A369E2F00E5F243 /* FirebaseAnalyticsOnDeviceConversion */; };
		7762DF2E2A369E2F00E5F243 /* FirebaseAnalyticsSwift in Frameworks */ = {isa = PBXBuildFile; productRef = 7762DF2D2A369E2F00E5F243 /* FirebaseAnalyticsSwift */; };
		7762DF302A369E2F00E5F243 /* FirebaseAnalyticsWithoutAdIdSupport in Frameworks */ = {isa = PBXBuildFile; productRef = 7762DF2F2A369E2F00E5F243 /* FirebaseAnalyticsWithoutAdIdSupport */; };
		7762DF322A369E2F00E5F243 /* FirebaseAppCheck in Frameworks */ = {isa = PBXBuildFile; productRef = 7762DF312A369E2F00E5F243 /* FirebaseAppCheck */; };
		7762DF342A369E2F00E5F243 /* FirebaseAppDistribution-Beta in Frameworks */ = {isa = PBXBuildFile; productRef = 7762DF332A369E2F00E5F243 /* FirebaseAppDistribution-Beta */; };
		7762DF362A369E2F00E5F243 /* FirebaseAuth in Frameworks */ = {isa = PBXBuildFile; productRef = 7762DF352A369E2F00E5F243 /* FirebaseAuth */; };
		7762DF382A369E2F00E5F243 /* FirebaseAuthCombine-Community in Frameworks */ = {isa = PBXBuildFile; productRef = 7762DF372A369E2F00E5F243 /* FirebaseAuthCombine-Community */; };
		7762DF3A2A369E2F00E5F243 /* FirebaseCrashlytics in Frameworks */ = {isa = PBXBuildFile; productRef = 7762DF392A369E2F00E5F243 /* FirebaseCrashlytics */; };
		7762DF3C2A369E2F00E5F243 /* FirebaseDatabase in Frameworks */ = {isa = PBXBuildFile; productRef = 7762DF3B2A369E2F00E5F243 /* FirebaseDatabase */; };
		7762DF3E2A369E2F00E5F243 /* FirebaseDatabaseSwift in Frameworks */ = {isa = PBXBuildFile; productRef = 7762DF3D2A369E2F00E5F243 /* FirebaseDatabaseSwift */; };
		7762DF402A369E2F00E5F243 /* FirebaseDynamicLinks in Frameworks */ = {isa = PBXBuildFile; productRef = 7762DF3F2A369E2F00E5F243 /* FirebaseDynamicLinks */; };
		7762DF422A369E2F00E5F243 /* FirebaseFirestore in Frameworks */ = {isa = PBXBuildFile; productRef = 7762DF412A369E2F00E5F243 /* FirebaseFirestore */; };
		7762DF442A369E2F00E5F243 /* FirebaseFirestoreCombine-Community in Frameworks */ = {isa = PBXBuildFile; productRef = 7762DF432A369E2F00E5F243 /* FirebaseFirestoreCombine-Community */; };
		7762DF462A369E2F00E5F243 /* FirebaseFirestoreSwift in Frameworks */ = {isa = PBXBuildFile; productRef = 7762DF452A369E2F00E5F243 /* FirebaseFirestoreSwift */; };
		7762DF482A369E2F00E5F243 /* FirebaseFunctions in Frameworks */ = {isa = PBXBuildFile; productRef = 7762DF472A369E2F00E5F243 /* FirebaseFunctions */; };
		7762DF4A2A369E2F00E5F243 /* FirebaseFunctionsCombine-Community in Frameworks */ = {isa = PBXBuildFile; productRef = 7762DF492A369E2F00E5F243 /* FirebaseFunctionsCombine-Community */; };
		7762DF4C2A369E2F00E5F243 /* FirebaseInAppMessaging-Beta in Frameworks */ = {isa = PBXBuildFile; productRef = 7762DF4B2A369E2F00E5F243 /* FirebaseInAppMessaging-Beta */; };
		7762DF4E2A369E2F00E5F243 /* FirebaseInAppMessagingSwift-Beta in Frameworks */ = {isa = PBXBuildFile; productRef = 7762DF4D2A369E2F00E5F243 /* FirebaseInAppMessagingSwift-Beta */; };
		7762DF502A369E2F00E5F243 /* FirebaseInstallations in Frameworks */ = {isa = PBXBuildFile; productRef = 7762DF4F2A369E2F00E5F243 /* FirebaseInstallations */; };
		7762DF522A369E2F00E5F243 /* FirebaseMLModelDownloader in Frameworks */ = {isa = PBXBuildFile; productRef = 7762DF512A369E2F00E5F243 /* FirebaseMLModelDownloader */; };
		7762DF542A369E2F00E5F243 /* FirebaseMessaging in Frameworks */ = {isa = PBXBuildFile; productRef = 7762DF532A369E2F00E5F243 /* FirebaseMessaging */; };
		7762DF562A369E2F00E5F243 /* FirebasePerformance in Frameworks */ = {isa = PBXBuildFile; productRef = 7762DF552A369E2F00E5F243 /* FirebasePerformance */; };
		7762DF582A369E2F00E5F243 /* FirebaseRemoteConfig in Frameworks */ = {isa = PBXBuildFile; productRef = 7762DF572A369E2F00E5F243 /* FirebaseRemoteConfig */; };
		7762DF5A2A369E2F00E5F243 /* FirebaseRemoteConfigSwift in Frameworks */ = {isa = PBXBuildFile; productRef = 7762DF592A369E2F00E5F243 /* FirebaseRemoteConfigSwift */; };
		7762DF5C2A369E2F00E5F243 /* FirebaseStorage in Frameworks */ = {isa = PBXBuildFile; productRef = 7762DF5B2A369E2F00E5F243 /* FirebaseStorage */; };
		7762DF5E2A369E2F00E5F243 /* FirebaseStorageCombine-Community in Frameworks */ = {isa = PBXBuildFile; productRef = 7762DF5D2A369E2F00E5F243 /* FirebaseStorageCombine-Community */; };
		7762DF612A36B40700E5F243 /* SnapsViewController.swift in Sources */ = {isa = PBXBuildFile; fileRef = 7762DF602A36B40600E5F243 /* SnapsViewController.swift */; };
		7762DF672A36BC6C00E5F243 /* ImagenViewController.swift in Sources */ = {isa = PBXBuildFile; fileRef = 7762DF662A36BC6C00E5F243 /* ImagenViewController.swift */; };
		7762DF692A36CC9700E5F243 /* ElegirUsuarioViewController.swift in Sources */ = {isa = PBXBuildFile; fileRef = 7762DF682A36CC9600E5F243 /* ElegirUsuarioViewController.swift */; };
		7762DF6D2A36D50D00E5F243 /* Usuario.swift in Sources */ = {isa = PBXBuildFile; fileRef = 7762DF6C2A36D50D00E5F243 /* Usuario.swift */; };
		A8CA4EEE2A27A60100FA1C48 /* AppDelegate.swift in Sources */ = {isa = PBXBuildFile; fileRef = A8CA4EED2A27A60100FA1C48 /* AppDelegate.swift */; };
		A8CA4EF02A27A60100FA1C48 /* SceneDelegate.swift in Sources */ = {isa = PBXBuildFile; fileRef = A8CA4EEF2A27A60100FA1C48 /* SceneDelegate.swift */; };
		A8CA4EF22A27A60100FA1C48 /* iniciarSesionViewController.swift in Sources */ = {isa = PBXBuildFile; fileRef = A8CA4EF12A27A60100FA1C48 /* iniciarSesionViewController.swift */; };
		A8CA4EF52A27A60100FA1C48 /* Main.storyboard in Resources */ = {isa = PBXBuildFile; fileRef = A8CA4EF32A27A60100FA1C48 /* Main.storyboard */; };
		A8CA4EF72A27A60200FA1C48 /* Assets.xcassets in Resources */ = {isa = PBXBuildFile; fileRef = A8CA4EF62A27A60200FA1C48 /* Assets.xcassets */; };
		A8CA4EFA2A27A60200FA1C48 /* LaunchScreen.storyboard in Resources */ = {isa = PBXBuildFile; fileRef = A8CA4EF82A27A60200FA1C48 /* LaunchScreen.storyboard */; };
/* End PBXBuildFile section */

/* Begin PBXFileReference section */
		7762DEE22A36932200E5F243 /* GoogleService-Info.plist */ = {isa = PBXFileReference; fileEncoding = 4; lastKnownFileType = text.plist.xml; path = "GoogleService-Info.plist"; sourceTree = "<group>"; };
		7762DF5F2A36AFD000E5F243 /* CondoriSnapchat.entitlements */ = {isa = PBXFileReference; lastKnownFileType = text.plist.entitlements; path = CondoriSnapchat.entitlements; sourceTree = "<group>"; };
		7762DF602A36B40600E5F243 /* SnapsViewController.swift */ = {isa = PBXFileReference; lastKnownFileType = sourcecode.swift; path = SnapsViewController.swift; sourceTree = "<group>"; };
		7762DF662A36BC6C00E5F243 /* ImagenViewController.swift */ = {isa = PBXFileReference; lastKnownFileType = sourcecode.swift; path = ImagenViewController.swift; sourceTree = "<group>"; };
		7762DF682A36CC9600E5F243 /* ElegirUsuarioViewController.swift */ = {isa = PBXFileReference; lastKnownFileType = sourcecode.swift; path = ElegirUsuarioViewController.swift; sourceTree = "<group>"; };
		7762DF6C2A36D50D00E5F243 /* Usuario.swift */ = {isa = PBXFileReference; lastKnownFileType = sourcecode.swift; path = Usuario.swift; sourceTree = "<group>"; };
		A8CA4EEA2A27A60100FA1C48 /* CondoriSnapchat.app */ = {isa = PBXFileReference; explicitFileType = wrapper.application; includeInIndex = 0; path = CondoriSnapchat.app; sourceTree = BUILT_PRODUCTS_DIR; };
		A8CA4EED2A27A60100FA1C48 /* AppDelegate.swift */ = {isa = PBXFileReference; lastKnownFileType = sourcecode.swift; path = AppDelegate.swift; sourceTree = "<group>"; };
		A8CA4EEF2A27A60100FA1C48 /* SceneDelegate.swift */ = {isa = PBXFileReference; lastKnownFileType = sourcecode.swift; path = SceneDelegate.swift; sourceTree = "<group>"; };
		A8CA4EF12A27A60100FA1C48 /* iniciarSesionViewController.swift */ = {isa = PBXFileReference; lastKnownFileType = sourcecode.swift; path = iniciarSesionViewController.swift; sourceTree = "<group>"; };
		A8CA4EF42A27A60100FA1C48 /* Base */ = {isa = PBXFileReference; lastKnownFileType = file.storyboard; name = Base; path = Base.lproj/Main.storyboard; sourceTree = "<group>"; };
		A8CA4EF62A27A60200FA1C48 /* Assets.xcassets */ = {isa = PBXFileReference; lastKnownFileType = folder.assetcatalog; path = Assets.xcassets; sourceTree = "<group>"; };
		A8CA4EF92A27A60200FA1C48 /* Base */ = {isa = PBXFileReference; lastKnownFileType = file.storyboard; name = Base; path = Base.lproj/LaunchScreen.storyboard; sourceTree = "<group>"; };
		A8CA4EFB2A27A60200FA1C48 /* Info.plist */ = {isa = PBXFileReference; lastKnownFileType = text.plist.xml; path = Info.plist; sourceTree = "<group>"; };
/* End PBXFileReference section */

/* Begin PBXFrameworksBuildPhase section */
		A8CA4EE72A27A60100FA1C48 /* Frameworks */ = {
			isa = PBXFrameworksBuildPhase;
			buildActionMask = 2147483647;
			files = (
				7762DF3C2A369E2F00E5F243 /* FirebaseDatabase in Frameworks */,
				7762DF4A2A369E2F00E5F243 /* FirebaseFunctionsCombine-Community in Frameworks */,
				7762DF422A369E2F00E5F243 /* FirebaseFirestore in Frameworks */,
				7762DF2E2A369E2F00E5F243 /* FirebaseAnalyticsSwift in Frameworks */,
				7762DF2A2A369E2F00E5F243 /* FirebaseAnalytics in Frameworks */,
				7762DF2C2A369E2F00E5F243 /* FirebaseAnalyticsOnDeviceConversion in Frameworks */,
				7762DF522A369E2F00E5F243 /* FirebaseMLModelDownloader in Frameworks */,
				7762DF462A369E2F00E5F243 /* FirebaseFirestoreSwift in Frameworks */,
				7762DF322A369E2F00E5F243 /* FirebaseAppCheck in Frameworks */,
				7762DF302A369E2F00E5F243 /* FirebaseAnalyticsWithoutAdIdSupport in Frameworks */,
				7762DF362A369E2F00E5F243 /* FirebaseAuth in Frameworks */,
				7762DF3A2A369E2F00E5F243 /* FirebaseCrashlytics in Frameworks */,
				7762DF5A2A369E2F00E5F243 /* FirebaseRemoteConfigSwift in Frameworks */,
				7762DF4C2A369E2F00E5F243 /* FirebaseInAppMessaging-Beta in Frameworks */,
				7762DF3E2A369E2F00E5F243 /* FirebaseDatabaseSwift in Frameworks */,
				7762DF482A369E2F00E5F243 /* FirebaseFunctions in Frameworks */,
				7762DF5E2A369E2F00E5F243 /* FirebaseStorageCombine-Community in Frameworks */,
				7762DF582A369E2F00E5F243 /* FirebaseRemoteConfig in Frameworks */,
				7762DF342A369E2F00E5F243 /* FirebaseAppDistribution-Beta in Frameworks */,
				7762DF382A369E2F00E5F243 /* FirebaseAuthCombine-Community in Frameworks */,
				7762DF562A369E2F00E5F243 /* FirebasePerformance in Frameworks */,
				7762DF4E2A369E2F00E5F243 /* FirebaseInAppMessagingSwift-Beta in Frameworks */,
				7762DF5C2A369E2F00E5F243 /* FirebaseStorage in Frameworks */,
				7762DF402A369E2F00E5F243 /* FirebaseDynamicLinks in Frameworks */,
				7762DF442A369E2F00E5F243 /* FirebaseFirestoreCombine-Community in Frameworks */,
				7762DF542A369E2F00E5F243 /* FirebaseMessaging in Frameworks */,
				7762DF502A369E2F00E5F243 /* FirebaseInstallations in Frameworks */,
			);
			runOnlyForDeploymentPostprocessing = 0;
		};
/* End PBXFrameworksBuildPhase section */

/* Begin PBXGroup section */
		7762DF6A2A36D44A00E5F243 /* ViewControllers */ = {
			isa = PBXGroup;
			children = (
				7762DF662A36BC6C00E5F243 /* ImagenViewController.swift */,
				7762DF602A36B40600E5F243 /* SnapsViewController.swift */,
				A8CA4EF12A27A60100FA1C48 /* iniciarSesionViewController.swift */,
				7762DF682A36CC9600E5F243 /* ElegirUsuarioViewController.swift */,
			);
			path = ViewControllers;
			sourceTree = "<group>";
		};
		7762DF6B2A36D4E800E5F243 /* Modelos */ = {
			isa = PBXGroup;
			children = (
				7762DF6C2A36D50D00E5F243 /* Usuario.swift */,
			);
			path = Modelos;
			sourceTree = "<group>";
		};
		A8CA4EE12A27A60000FA1C48 = {
			isa = PBXGroup;
			children = (
				A8CA4EEC2A27A60100FA1C48 /* CondoriSnapchat */,
				A8CA4EEB2A27A60100FA1C48 /* Products */,
			);
			sourceTree = "<group>";
		};
		A8CA4EEB2A27A60100FA1C48 /* Products */ = {
			isa = PBXGroup;
			children = (
				A8CA4EEA2A27A60100FA1C48 /* CondoriSnapchat.app */,
			);
			name = Products;
			sourceTree = "<group>";
		};
		A8CA4EEC2A27A60100FA1C48 /* CondoriSnapchat */ = {
			isa = PBXGroup;
			children = (
				7762DF6B2A36D4E800E5F243 /* Modelos */,
				7762DF6A2A36D44A00E5F243 /* ViewControllers */,
				7762DF5F2A36AFD000E5F243 /* CondoriSnapchat.entitlements */,
				A8CA4EED2A27A60100FA1C48 /* AppDelegate.swift */,
				A8CA4EEF2A27A60100FA1C48 /* SceneDelegate.swift */,
				A8CA4EF32A27A60100FA1C48 /* Main.storyboard */,
				A8CA4EF62A27A60200FA1C48 /* Assets.xcassets */,
				A8CA4EF82A27A60200FA1C48 /* LaunchScreen.storyboard */,
				A8CA4EFB2A27A60200FA1C48 /* Info.plist */,
				7762DEE22A36932200E5F243 /* GoogleService-Info.plist */,
			);
			path = CondoriSnapchat;
			sourceTree = "<group>";
		};
/* End PBXGroup section */

/* Begin PBXNativeTarget section */
		A8CA4EE92A27A60100FA1C48 /* CondoriSnapchat */ = {
			isa = PBXNativeTarget;
			buildConfigurationList = A8CA4EFE2A27A60200FA1C48 /* Build configuration list for PBXNativeTarget "CondoriSnapchat" */;
			buildPhases = (
				A8CA4EE62A27A60100FA1C48 /* Sources */,
				A8CA4EE72A27A60100FA1C48 /* Frameworks */,
				A8CA4EE82A27A60100FA1C48 /* Resources */,
			);
			buildRules = (
			);
			dependencies = (
			);
			name = CondoriSnapchat;
			packageProductDependencies = (
				7762DF292A369E2F00E5F243 /* FirebaseAnalytics */,
				7762DF2B2A369E2F00E5F243 /* FirebaseAnalyticsOnDeviceConversion */,
				7762DF2D2A369E2F00E5F243 /* FirebaseAnalyticsSwift */,
				7762DF2F2A369E2F00E5F243 /* FirebaseAnalyticsWithoutAdIdSupport */,
				7762DF312A369E2F00E5F243 /* FirebaseAppCheck */,
				7762DF332A369E2F00E5F243 /* FirebaseAppDistribution-Beta */,
				7762DF352A369E2F00E5F243 /* FirebaseAuth */,
				7762DF372A369E2F00E5F243 /* FirebaseAuthCombine-Community */,
				7762DF392A369E2F00E5F243 /* FirebaseCrashlytics */,
				7762DF3B2A369E2F00E5F243 /* FirebaseDatabase */,
				7762DF3D2A369E2F00E5F243 /* FirebaseDatabaseSwift */,
				7762DF3F2A369E2F00E5F243 /* FirebaseDynamicLinks */,
				7762DF412A369E2F00E5F243 /* FirebaseFirestore */,
				7762DF432A369E2F00E5F243 /* FirebaseFirestoreCombine-Community */,
				7762DF452A369E2F00E5F243 /* FirebaseFirestoreSwift */,
				7762DF472A369E2F00E5F243 /* FirebaseFunctions */,
				7762DF492A369E2F00E5F243 /* FirebaseFunctionsCombine-Community */,
				7762DF4B2A369E2F00E5F243 /* FirebaseInAppMessaging-Beta */,
				7762DF4D2A369E2F00E5F243 /* FirebaseInAppMessagingSwift-Beta */,
				7762DF4F2A369E2F00E5F243 /* FirebaseInstallations */,
				7762DF512A369E2F00E5F243 /* FirebaseMLModelDownloader */,
				7762DF532A369E2F00E5F243 /* FirebaseMessaging */,
				7762DF552A369E2F00E5F243 /* FirebasePerformance */,
				7762DF572A369E2F00E5F243 /* FirebaseRemoteConfig */,
				7762DF592A369E2F00E5F243 /* FirebaseRemoteConfigSwift */,
				7762DF5B2A369E2F00E5F243 /* FirebaseStorage */,
				7762DF5D2A369E2F00E5F243 /* FirebaseStorageCombine-Community */,
			);
			productName = CondoriSnapchat;
			productReference = A8CA4EEA2A27A60100FA1C48 /* CondoriSnapchat.app */;
			productType = "com.apple.product-type.application";
		};
/* End PBXNativeTarget section */

/* Begin PBXProject section */
		A8CA4EE22A27A60000FA1C48 /* Project object */ = {
			isa = PBXProject;
			attributes = {
				BuildIndependentTargetsInParallel = 1;
				LastSwiftUpdateCheck = 1340;
				LastUpgradeCheck = 1340;
				TargetAttributes = {
					A8CA4EE92A27A60100FA1C48 = {
						CreatedOnToolsVersion = 13.4.1;
					};
				};
			};
			buildConfigurationList = A8CA4EE52A27A60000FA1C48 /* Build configuration list for PBXProject "CondoriSnapchat" */;
			compatibilityVersion = "Xcode 13.0";
			developmentRegion = en;
			hasScannedForEncodings = 0;
			knownRegions = (
				en,
				Base,
			);
			mainGroup = A8CA4EE12A27A60000FA1C48;
			packageReferences = (
				7762DF282A369E2F00E5F243 /* XCRemoteSwiftPackageReference "firebase-ios-sdk" */,
			);
			productRefGroup = A8CA4EEB2A27A60100FA1C48 /* Products */;
			projectDirPath = "";
			projectRoot = "";
			targets = (
				A8CA4EE92A27A60100FA1C48 /* CondoriSnapchat */,
			);
		};
/* End PBXProject section */

/* Begin PBXResourcesBuildPhase section */
		A8CA4EE82A27A60100FA1C48 /* Resources */ = {
			isa = PBXResourcesBuildPhase;
			buildActionMask = 2147483647;
			files = (
				A8CA4EFA2A27A60200FA1C48 /* LaunchScreen.storyboard in Resources */,
				7762DEE32A36932300E5F243 /* GoogleService-Info.plist in Resources */,
				A8CA4EF72A27A60200FA1C48 /* Assets.xcassets in Resources */,
				A8CA4EF52A27A60100FA1C48 /* Main.storyboard in Resources */,
			);
			runOnlyForDeploymentPostprocessing = 0;
		};
/* End PBXResourcesBuildPhase section */

/* Begin PBXSourcesBuildPhase section */
		A8CA4EE62A27A60100FA1C48 /* Sources */ = {
			isa = PBXSourcesBuildPhase;
			buildActionMask = 2147483647;
			files = (
				7762DF612A36B40700E5F243 /* SnapsViewController.swift in Sources */,
				7762DF672A36BC6C00E5F243 /* ImagenViewController.swift in Sources */,
				7762DF6D2A36D50D00E5F243 /* Usuario.swift in Sources */,
				A8CA4EF22A27A60100FA1C48 /* iniciarSesionViewController.swift in Sources */,
				A8CA4EEE2A27A60100FA1C48 /* AppDelegate.swift in Sources */,
				A8CA4EF02A27A60100FA1C48 /* SceneDelegate.swift in Sources */,
				7762DF692A36CC9700E5F243 /* ElegirUsuarioViewController.swift in Sources */,
			);
			runOnlyForDeploymentPostprocessing = 0;
		};
/* End PBXSourcesBuildPhase section */

/* Begin PBXVariantGroup section */
		A8CA4EF32A27A60100FA1C48 /* Main.storyboard */ = {
			isa = PBXVariantGroup;
			children = (
				A8CA4EF42A27A60100FA1C48 /* Base */,
			);
			name = Main.storyboard;
			sourceTree = "<group>";
		};
		A8CA4EF82A27A60200FA1C48 /* LaunchScreen.storyboard */ = {
			isa = PBXVariantGroup;
			children = (
				A8CA4EF92A27A60200FA1C48 /* Base */,
			);
			name = LaunchScreen.storyboard;
			sourceTree = "<group>";
		};
/* End PBXVariantGroup section */

/* Begin XCBuildConfiguration section */
		A8CA4EFC2A27A60200FA1C48 /* Debug */ = {
			isa = XCBuildConfiguration;
			buildSettings = {
				ALWAYS_SEARCH_USER_PATHS = NO;
				CLANG_ANALYZER_NONNULL = YES;
				CLANG_ANALYZER_NUMBER_OBJECT_CONVERSION = YES_AGGRESSIVE;
				CLANG_CXX_LANGUAGE_STANDARD = "gnu++17";
				CLANG_ENABLE_MODULES = YES;
				CLANG_ENABLE_OBJC_ARC = YES;
				CLANG_ENABLE_OBJC_WEAK = YES;
				CLANG_WARN_BLOCK_CAPTURE_AUTORELEASING = YES;
				CLANG_WARN_BOOL_CONVERSION = YES;
				CLANG_WARN_COMMA = YES;
				CLANG_WARN_CONSTANT_CONVERSION = YES;
				CLANG_WARN_DEPRECATED_OBJC_IMPLEMENTATIONS = YES;
				CLANG_WARN_DIRECT_OBJC_ISA_USAGE = YES_ERROR;
				CLANG_WARN_DOCUMENTATION_COMMENTS = YES;
				CLANG_WARN_EMPTY_BODY = YES;
				CLANG_WARN_ENUM_CONVERSION = YES;
				CLANG_WARN_INFINITE_RECURSION = YES;
				CLANG_WARN_INT_CONVERSION = YES;
				CLANG_WARN_NON_LITERAL_NULL_CONVERSION = YES;
				CLANG_WARN_OBJC_IMPLICIT_RETAIN_SELF = YES;
				CLANG_WARN_OBJC_LITERAL_CONVERSION = YES;
				CLANG_WARN_OBJC_ROOT_CLASS = YES_ERROR;
				CLANG_WARN_QUOTED_INCLUDE_IN_FRAMEWORK_HEADER = YES;
				CLANG_WARN_RANGE_LOOP_ANALYSIS = YES;
				CLANG_WARN_STRICT_PROTOTYPES = YES;
				CLANG_WARN_SUSPICIOUS_MOVE = YES;
				CLANG_WARN_UNGUARDED_AVAILABILITY = YES_AGGRESSIVE;
				CLANG_WARN_UNREACHABLE_CODE = YES;
				CLANG_WARN__DUPLICATE_METHOD_MATCH = YES;
				COPY_PHASE_STRIP = NO;
				DEBUG_INFORMATION_FORMAT = dwarf;
				ENABLE_STRICT_OBJC_MSGSEND = YES;
				ENABLE_TESTABILITY = YES;
				GCC_C_LANGUAGE_STANDARD = gnu11;
				GCC_DYNAMIC_NO_PIC = NO;
				GCC_NO_COMMON_BLOCKS = YES;
				GCC_OPTIMIZATION_LEVEL = 0;
				GCC_PREPROCESSOR_DEFINITIONS = (
					"DEBUG=1",
					"$(inherited)",
				);
				GCC_WARN_64_TO_32_BIT_CONVERSION = YES;
				GCC_WARN_ABOUT_RETURN_TYPE = YES_ERROR;
				GCC_WARN_UNDECLARED_SELECTOR = YES;
				GCC_WARN_UNINITIALIZED_AUTOS = YES_AGGRESSIVE;
				GCC_WARN_UNUSED_FUNCTION = YES;
				GCC_WARN_UNUSED_VARIABLE = YES;
				IPHONEOS_DEPLOYMENT_TARGET = 15.5;
				MTL_ENABLE_DEBUG_INFO = INCLUDE_SOURCE;
				MTL_FAST_MATH = YES;
				ONLY_ACTIVE_ARCH = YES;
				SDKROOT = iphoneos;
				SWIFT_ACTIVE_COMPILATION_CONDITIONS = DEBUG;
				SWIFT_OPTIMIZATION_LEVEL = "-Onone";
			};
			name = Debug;
		};
		A8CA4EFD2A27A60200FA1C48 /* Release */ = {
			isa = XCBuildConfiguration;
			buildSettings = {
				ALWAYS_SEARCH_USER_PATHS = NO;
				CLANG_ANALYZER_NONNULL = YES;
				CLANG_ANALYZER_NUMBER_OBJECT_CONVERSION = YES_AGGRESSIVE;
				CLANG_CXX_LANGUAGE_STANDARD = "gnu++17";
				CLANG_ENABLE_MODULES = YES;
				CLANG_ENABLE_OBJC_ARC = YES;
				CLANG_ENABLE_OBJC_WEAK = YES;
				CLANG_WARN_BLOCK_CAPTURE_AUTORELEASING = YES;
				CLANG_WARN_BOOL_CONVERSION = YES;
				CLANG_WARN_COMMA = YES;
				CLANG_WARN_CONSTANT_CONVERSION = YES;
				CLANG_WARN_DEPRECATED_OBJC_IMPLEMENTATIONS = YES;
				CLANG_WARN_DIRECT_OBJC_ISA_USAGE = YES_ERROR;
				CLANG_WARN_DOCUMENTATION_COMMENTS = YES;
				CLANG_WARN_EMPTY_BODY = YES;
				CLANG_WARN_ENUM_CONVERSION = YES;
				CLANG_WARN_INFINITE_RECURSION = YES;
				CLANG_WARN_INT_CONVERSION = YES;
				CLANG_WARN_NON_LITERAL_NULL_CONVERSION = YES;
				CLANG_WARN_OBJC_IMPLICIT_RETAIN_SELF = YES;
				CLANG_WARN_OBJC_LITERAL_CONVERSION = YES;
				CLANG_WARN_OBJC_ROOT_CLASS = YES_ERROR;
				CLANG_WARN_QUOTED_INCLUDE_IN_FRAMEWORK_HEADER = YES;
				CLANG_WARN_RANGE_LOOP_ANALYSIS = YES;
				CLANG_WARN_STRICT_PROTOTYPES = YES;
				CLANG_WARN_SUSPICIOUS_MOVE = YES;
				CLANG_WARN_UNGUARDED_AVAILABILITY = YES_AGGRESSIVE;
				CLANG_WARN_UNREACHABLE_CODE = YES;
				CLANG_WARN__DUPLICATE_METHOD_MATCH = YES;
				COPY_PHASE_STRIP = NO;
				DEBUG_INFORMATION_FORMAT = "dwarf-with-dsym";
				ENABLE_NS_ASSERTIONS = NO;
				ENABLE_STRICT_OBJC_MSGSEND = YES;
				GCC_C_LANGUAGE_STANDARD = gnu11;
				GCC_NO_COMMON_BLOCKS = YES;
				GCC_WARN_64_TO_32_BIT_CONVERSION = YES;
				GCC_WARN_ABOUT_RETURN_TYPE = YES_ERROR;
				GCC_WARN_UNDECLARED_SELECTOR = YES;
				GCC_WARN_UNINITIALIZED_AUTOS = YES_AGGRESSIVE;
				GCC_WARN_UNUSED_FUNCTION = YES;
				GCC_WARN_UNUSED_VARIABLE = YES;
				IPHONEOS_DEPLOYMENT_TARGET = 15.5;
				MTL_ENABLE_DEBUG_INFO = NO;
				MTL_FAST_MATH = YES;
				SDKROOT = iphoneos;
				SWIFT_COMPILATION_MODE = wholemodule;
				SWIFT_OPTIMIZATION_LEVEL = "-O";
				VALIDATE_PRODUCT = YES;
			};
			name = Release;
		};
		A8CA4EFF2A27A60200FA1C48 /* Debug */ = {
			isa = XCBuildConfiguration;
			buildSettings = {
				ASSETCATALOG_COMPILER_APPICON_NAME = AppIcon;
				ASSETCATALOG_COMPILER_GLOBAL_ACCENT_COLOR_NAME = AccentColor;
				CODE_SIGN_ENTITLEMENTS = CondoriSnapchat/CondoriSnapchat.entitlements;
				CODE_SIGN_STYLE = Automatic;
				CURRENT_PROJECT_VERSION = 1;
				GENERATE_INFOPLIST_FILE = YES;
				INFOPLIST_FILE = CondoriSnapchat/Info.plist;
				INFOPLIST_KEY_UIApplicationSupportsIndirectInputEvents = YES;
				INFOPLIST_KEY_UILaunchStoryboardName = LaunchScreen;
				INFOPLIST_KEY_UIMainStoryboardFile = Main;
				INFOPLIST_KEY_UISupportedInterfaceOrientations_iPad = "UIInterfaceOrientationPortrait UIInterfaceOrientationPortraitUpsideDown UIInterfaceOrientationLandscapeLeft UIInterfaceOrientationLandscapeRight";
				INFOPLIST_KEY_UISupportedInterfaceOrientations_iPhone = "UIInterfaceOrientationPortrait UIInterfaceOrientationLandscapeLeft UIInterfaceOrientationLandscapeRight";
				LD_RUNPATH_SEARCH_PATHS = (
					"$(inherited)",
					"@executable_path/Frameworks",
				);
				MARKETING_VERSION = 1.0;
				PRODUCT_BUNDLE_IDENTIFIER = miempresa.com.CondoriSnapchat;
				PRODUCT_NAME = "$(TARGET_NAME)";
				SWIFT_EMIT_LOC_STRINGS = YES;
				SWIFT_VERSION = 5.0;
				TARGETED_DEVICE_FAMILY = "1,2";
			};
			name = Debug;
		};
		A8CA4F002A27A60200FA1C48 /* Release */ = {
			isa = XCBuildConfiguration;
			buildSettings = {
				ASSETCATALOG_COMPILER_APPICON_NAME = AppIcon;
				ASSETCATALOG_COMPILER_GLOBAL_ACCENT_COLOR_NAME = AccentColor;
				CODE_SIGN_ENTITLEMENTS = CondoriSnapchat/CondoriSnapchat.entitlements;
				CODE_SIGN_STYLE = Automatic;
				CURRENT_PROJECT_VERSION = 1;
				GENERATE_INFOPLIST_FILE = YES;
				INFOPLIST_FILE = CondoriSnapchat/Info.plist;
				INFOPLIST_KEY_UIApplicationSupportsIndirectInputEvents = YES;
				INFOPLIST_KEY_UILaunchStoryboardName = LaunchScreen;
				INFOPLIST_KEY_UIMainStoryboardFile = Main;
				INFOPLIST_KEY_UISupportedInterfaceOrientations_iPad = "UIInterfaceOrientationPortrait UIInterfaceOrientationPortraitUpsideDown UIInterfaceOrientationLandscapeLeft UIInterfaceOrientationLandscapeRight";
				INFOPLIST_KEY_UISupportedInterfaceOrientations_iPhone = "UIInterfaceOrientationPortrait UIInterfaceOrientationLandscapeLeft UIInterfaceOrientationLandscapeRight";
				LD_RUNPATH_SEARCH_PATHS = (
					"$(inherited)",
					"@executable_path/Frameworks",
				);
				MARKETING_VERSION = 1.0;
				PRODUCT_BUNDLE_IDENTIFIER = miempresa.com.CondoriSnapchat;
				PRODUCT_NAME = "$(TARGET_NAME)";
				SWIFT_EMIT_LOC_STRINGS = YES;
				SWIFT_VERSION = 5.0;
				TARGETED_DEVICE_FAMILY = "1,2";
			};
			name = Release;
		};
/* End XCBuildConfiguration section */

/* Begin XCConfigurationList section */
		A8CA4EE52A27A60000FA1C48 /* Build configuration list for PBXProject "CondoriSnapchat" */ = {
			isa = XCConfigurationList;
			buildConfigurations = (
				A8CA4EFC2A27A60200FA1C48 /* Debug */,
				A8CA4EFD2A27A60200FA1C48 /* Release */,
			);
			defaultConfigurationIsVisible = 0;
			defaultConfigurationName = Release;
		};
		A8CA4EFE2A27A60200FA1C48 /* Build configuration list for PBXNativeTarget "CondoriSnapchat" */ = {
			isa = XCConfigurationList;
			buildConfigurations = (
				A8CA4EFF2A27A60200FA1C48 /* Debug */,
				A8CA4F002A27A60200FA1C48 /* Release */,
			);
			defaultConfigurationIsVisible = 0;
			defaultConfigurationName = Release;
		};
/* End XCConfigurationList section */

/* Begin XCRemoteSwiftPackageReference section */
		7762DF282A369E2F00E5F243 /* XCRemoteSwiftPackageReference "firebase-ios-sdk" */ = {
			isa = XCRemoteSwiftPackageReference;
			repositoryURL = "https://github.com/firebase/firebase-ios-sdk";
			requirement = {
				kind = upToNextMajorVersion;
				minimumVersion = 10.0.0;
			};
		};
/* End XCRemoteSwiftPackageReference section */

/* Begin XCSwiftPackageProductDependency section */
		7762DF292A369E2F00E5F243 /* FirebaseAnalytics */ = {
			isa = XCSwiftPackageProductDependency;
			package = 7762DF282A369E2F00E5F243 /* XCRemoteSwiftPackageReference "firebase-ios-sdk" */;
			productName = FirebaseAnalytics;
		};
		7762DF2B2A369E2F00E5F243 /* FirebaseAnalyticsOnDeviceConversion */ = {
			isa = XCSwiftPackageProductDependency;
			package = 7762DF282A369E2F00E5F243 /* XCRemoteSwiftPackageReference "firebase-ios-sdk" */;
			productName = FirebaseAnalyticsOnDeviceConversion;
		};
		7762DF2D2A369E2F00E5F243 /* FirebaseAnalyticsSwift */ = {
			isa = XCSwiftPackageProductDependency;
			package = 7762DF282A369E2F00E5F243 /* XCRemoteSwiftPackageReference "firebase-ios-sdk" */;
			productName = FirebaseAnalyticsSwift;
		};
		7762DF2F2A369E2F00E5F243 /* FirebaseAnalyticsWithoutAdIdSupport */ = {
			isa = XCSwiftPackageProductDependency;
			package = 7762DF282A369E2F00E5F243 /* XCRemoteSwiftPackageReference "firebase-ios-sdk" */;
			productName = FirebaseAnalyticsWithoutAdIdSupport;
		};
		7762DF312A369E2F00E5F243 /* FirebaseAppCheck */ = {
			isa = XCSwiftPackageProductDependency;
			package = 7762DF282A369E2F00E5F243 /* XCRemoteSwiftPackageReference "firebase-ios-sdk" */;
			productName = FirebaseAppCheck;
		};
		7762DF332A369E2F00E5F243 /* FirebaseAppDistribution-Beta */ = {
			isa = XCSwiftPackageProductDependency;
			package = 7762DF282A369E2F00E5F243 /* XCRemoteSwiftPackageReference "firebase-ios-sdk" */;
			productName = "FirebaseAppDistribution-Beta";
		};
		7762DF352A369E2F00E5F243 /* FirebaseAuth */ = {
			isa = XCSwiftPackageProductDependency;
			package = 7762DF282A369E2F00E5F243 /* XCRemoteSwiftPackageReference "firebase-ios-sdk" */;
			productName = FirebaseAuth;
		};
		7762DF372A369E2F00E5F243 /* FirebaseAuthCombine-Community */ = {
			isa = XCSwiftPackageProductDependency;
			package = 7762DF282A369E2F00E5F243 /* XCRemoteSwiftPackageReference "firebase-ios-sdk" */;
			productName = "FirebaseAuthCombine-Community";
		};
		7762DF392A369E2F00E5F243 /* FirebaseCrashlytics */ = {
			isa = XCSwiftPackageProductDependency;
			package = 7762DF282A369E2F00E5F243 /* XCRemoteSwiftPackageReference "firebase-ios-sdk" */;
			productName = FirebaseCrashlytics;
		};
		7762DF3B2A369E2F00E5F243 /* FirebaseDatabase */ = {
			isa = XCSwiftPackageProductDependency;
			package = 7762DF282A369E2F00E5F243 /* XCRemoteSwiftPackageReference "firebase-ios-sdk" */;
			productName = FirebaseDatabase;
		};
		7762DF3D2A369E2F00E5F243 /* FirebaseDatabaseSwift */ = {
			isa = XCSwiftPackageProductDependency;
			package = 7762DF282A369E2F00E5F243 /* XCRemoteSwiftPackageReference "firebase-ios-sdk" */;
			productName = FirebaseDatabaseSwift;
		};
		7762DF3F2A369E2F00E5F243 /* FirebaseDynamicLinks */ = {
			isa = XCSwiftPackageProductDependency;
			package = 7762DF282A369E2F00E5F243 /* XCRemoteSwiftPackageReference "firebase-ios-sdk" */;
			productName = FirebaseDynamicLinks;
		};
		7762DF412A369E2F00E5F243 /* FirebaseFirestore */ = {
			isa = XCSwiftPackageProductDependency;
			package = 7762DF282A369E2F00E5F243 /* XCRemoteSwiftPackageReference "firebase-ios-sdk" */;
			productName = FirebaseFirestore;
		};
		7762DF432A369E2F00E5F243 /* FirebaseFirestoreCombine-Community */ = {
			isa = XCSwiftPackageProductDependency;
			package = 7762DF282A369E2F00E5F243 /* XCRemoteSwiftPackageReference "firebase-ios-sdk" */;
			productName = "FirebaseFirestoreCombine-Community";
		};
		7762DF452A369E2F00E5F243 /* FirebaseFirestoreSwift */ = {
			isa = XCSwiftPackageProductDependency;
			package = 7762DF282A369E2F00E5F243 /* XCRemoteSwiftPackageReference "firebase-ios-sdk" */;
			productName = FirebaseFirestoreSwift;
		};
		7762DF472A369E2F00E5F243 /* FirebaseFunctions */ = {
			isa = XCSwiftPackageProductDependency;
			package = 7762DF282A369E2F00E5F243 /* XCRemoteSwiftPackageReference "firebase-ios-sdk" */;
			productName = FirebaseFunctions;
		};
		7762DF492A369E2F00E5F243 /* FirebaseFunctionsCombine-Community */ = {
			isa = XCSwiftPackageProductDependency;
			package = 7762DF282A369E2F00E5F243 /* XCRemoteSwiftPackageReference "firebase-ios-sdk" */;
			productName = "FirebaseFunctionsCombine-Community";
		};
		7762DF4B2A369E2F00E5F243 /* FirebaseInAppMessaging-Beta */ = {
			isa = XCSwiftPackageProductDependency;
			package = 7762DF282A369E2F00E5F243 /* XCRemoteSwiftPackageReference "firebase-ios-sdk" */;
			productName = "FirebaseInAppMessaging-Beta";
		};
		7762DF4D2A369E2F00E5F243 /* FirebaseInAppMessagingSwift-Beta */ = {
			isa = XCSwiftPackageProductDependency;
			package = 7762DF282A369E2F00E5F243 /* XCRemoteSwiftPackageReference "firebase-ios-sdk" */;
			productName = "FirebaseInAppMessagingSwift-Beta";
		};
		7762DF4F2A369E2F00E5F243 /* FirebaseInstallations */ = {
			isa = XCSwiftPackageProductDependency;
			package = 7762DF282A369E2F00E5F243 /* XCRemoteSwiftPackageReference "firebase-ios-sdk" */;
			productName = FirebaseInstallations;
		};
		7762DF512A369E2F00E5F243 /* FirebaseMLModelDownloader */ = {
			isa = XCSwiftPackageProductDependency;
			package = 7762DF282A369E2F00E5F243 /* XCRemoteSwiftPackageReference "firebase-ios-sdk" */;
			productName = FirebaseMLModelDownloader;
		};
		7762DF532A369E2F00E5F243 /* FirebaseMessaging */ = {
			isa = XCSwiftPackageProductDependency;
			package = 7762DF282A369E2F00E5F243 /* XCRemoteSwiftPackageReference "firebase-ios-sdk" */;
			productName = FirebaseMessaging;
		};
		7762DF552A369E2F00E5F243 /* FirebasePerformance */ = {
			isa = XCSwiftPackageProductDependency;
			package = 7762DF282A369E2F00E5F243 /* XCRemoteSwiftPackageReference "firebase-ios-sdk" */;
			productName = FirebasePerformance;
		};
		7762DF572A369E2F00E5F243 /* FirebaseRemoteConfig */ = {
			isa = XCSwiftPackageProductDependency;
			package = 7762DF282A369E2F00E5F243 /* XCRemoteSwiftPackageReference "firebase-ios-sdk" */;
			productName = FirebaseRemoteConfig;
		};
		7762DF592A369E2F00E5F243 /* FirebaseRemoteConfigSwift */ = {
			isa = XCSwiftPackageProductDependency;
			package = 7762DF282A369E2F00E5F243 /* XCRemoteSwiftPackageReference "firebase-ios-sdk" */;
			productName = FirebaseRemoteConfigSwift;
		};
		7762DF5B2A369E2F00E5F243 /* FirebaseStorage */ = {
			isa = XCSwiftPackageProductDependency;
			package = 7762DF282A369E2F00E5F243 /* XCRemoteSwiftPackageReference "firebase-ios-sdk" */;
			productName = FirebaseStorage;
		};
		7762DF5D2A369E2F00E5F243 /* FirebaseStorageCombine-Community */ = {
			isa = XCSwiftPackageProductDependency;
			package = 7762DF282A369E2F00E5F243 /* XCRemoteSwiftPackageReference "firebase-ios-sdk" */;
			productName = "FirebaseStorageCombine-Community";
		};
/* End XCSwiftPackageProductDependency section */
	};
	rootObject = A8CA4EE22A27A60000FA1C48 /* Project object */;
}
