// !$*UTF8*$!
{
	archiveVersion = 1;
	classes = {
	};
	objectVersion = 55;
	objects = {

/* Begin PBXBuildFile section */
		77C1A1E02A2D523D0048DAF2 /* GoogleService-Info.plist in Resources */ = {isa = PBXBuildFile; fileRef = 77C1A1DF2A2D523D0048DAF2 /* GoogleService-Info.plist */; };
		7BBB99293DD404FBAAFA2BCB /* Pods_CondoriSnapchat.framework in Frameworks */ = {isa = PBXBuildFile; fileRef = 4E974097A217D6FC5C699BFE /* Pods_CondoriSnapchat.framework */; };
		A8CA4EEE2A27A60100FA1C48 /* AppDelegate.swift in Sources */ = {isa = PBXBuildFile; fileRef = A8CA4EED2A27A60100FA1C48 /* AppDelegate.swift */; };
		A8CA4EF02A27A60100FA1C48 /* SceneDelegate.swift in Sources */ = {isa = PBXBuildFile; fileRef = A8CA4EEF2A27A60100FA1C48 /* SceneDelegate.swift */; };
		A8CA4EF22A27A60100FA1C48 /* iniciarSesionViewController.swift in Sources */ = {isa = PBXBuildFile; fileRef = A8CA4EF12A27A60100FA1C48 /* iniciarSesionViewController.swift */; };
		A8CA4EF52A27A60100FA1C48 /* Main.storyboard in Resources */ = {isa = PBXBuildFile; fileRef = A8CA4EF32A27A60100FA1C48 /* Main.storyboard */; };
		A8CA4EF72A27A60200FA1C48 /* Assets.xcassets in Resources */ = {isa = PBXBuildFile; fileRef = A8CA4EF62A27A60200FA1C48 /* Assets.xcassets */; };
		A8CA4EFA2A27A60200FA1C48 /* LaunchScreen.storyboard in Resources */ = {isa = PBXBuildFile; fileRef = A8CA4EF82A27A60200FA1C48 /* LaunchScreen.storyboard */; };
/* End PBXBuildFile section */

/* Begin PBXFileReference section */
		4518FE1AF1691EFF82EC24AC /* Pods-CondoriSnapchat.release.xcconfig */ = {isa = PBXFileReference; includeInIndex = 1; lastKnownFileType = text.xcconfig; name = "Pods-CondoriSnapchat.release.xcconfig"; path = "Target Support Files/Pods-CondoriSnapchat/Pods-CondoriSnapchat.release.xcconfig"; sourceTree = "<group>"; };
		4E974097A217D6FC5C699BFE /* Pods_CondoriSnapchat.framework */ = {isa = PBXFileReference; explicitFileType = wrapper.framework; includeInIndex = 0; path = Pods_CondoriSnapchat.framework; sourceTree = BUILT_PRODUCTS_DIR; };
		77C1A1DF2A2D523D0048DAF2 /* GoogleService-Info.plist */ = {isa = PBXFileReference; fileEncoding = 4; lastKnownFileType = text.plist.xml; name = "GoogleService-Info.plist"; path = "../../../../Downloads/GoogleService-Info.plist"; sourceTree = "<group>"; };
		77CDE7E7C55FB25F8AA5FDF8 /* Pods-CondoriSnapchat.debug.xcconfig */ = {isa = PBXFileReference; includeInIndex = 1; lastKnownFileType = text.xcconfig; name = "Pods-CondoriSnapchat.debug.xcconfig"; path = "Target Support Files/Pods-CondoriSnapchat/Pods-CondoriSnapchat.debug.xcconfig"; sourceTree = "<group>"; };
		A8CA4EEA2A27A60100FA1C48 /* CondoriSnapchat.app */ = {isa = PBXFileReference; explicitFileType = wrapper.application; includeInIndex = 0; path = CondoriSnapchat.app; sourceTree = BUILT_PRODUCTS_DIR; };
		A8CA4EED2A27A60100FA1C48 /* AppDelegate.swift */ = {isa = PBXFileReference; lastKnownFileType = sourcecode.swift; path = AppDelegate.swift; sourceTree = "<group>"; };
		A8CA4EEF2A27A60100FA1C48 /* SceneDelegate.swift */ = {isa = PBXFileReference; lastKnownFileType = sourcecode.swift; path = SceneDelegate.swift; sourceTree = "<group>"; };
		A8CA4EF12A27A60100FA1C48 /* iniciarSesionViewController.swift */ = {isa = PBXFileReference; lastKnownFileType = sourcecode.swift; path = iniciarSesionViewController.swift; sourceTree = "<group>"; };
		A8CA4EF42A27A60100FA1C48 /* Base */ = {isa = PBXFileReference; lastKnownFileType = file.storyboard; name = Base; path = Base.lproj/Main.storyboard; sourceTree = "<group>"; };
		A8CA4EF62A27A60200FA1C48 /* Assets.xcassets */ = {isa = PBXFileReference; lastKnownFileType = folder.assetcatalog; path = Assets.xcassets; sourceTree = "<group>"; };
		A8CA4EF92A27A60200FA1C48 /* Base */ = {isa = PBXFileReference; lastKnownFileType = file.storyboard; name = Base; path = Base.lproj/LaunchScreen.storyboard; sourceTree = "<group>"; };
		A8CA4EFB2A27A60200FA1C48 /* Info.plist */ = {isa = PBXFileReference; lastKnownFileType = text.plist.xml; path = Info.plist; sourceTree = "<group>"; };
/* End PBXFileReference section */

/* Begin PBXFrameworksBuildPhase section */
		A8CA4EE72A27A60100FA1C48 /* Frameworks */ = {
			isa = PBXFrameworksBuildPhase;
			buildActionMask = 2147483647;
			files = (
				7BBB99293DD404FBAAFA2BCB /* Pods_CondoriSnapchat.framework in Frameworks */,
			);
			runOnlyForDeploymentPostprocessing = 0;
		};
/* End PBXFrameworksBuildPhase section */

/* Begin PBXGroup section */
		78F4A8A70B4B202A6DC52AE0 /* Pods */ = {
			isa = PBXGroup;
			children = (
				77CDE7E7C55FB25F8AA5FDF8 /* Pods-CondoriSnapchat.debug.xcconfig */,
				4518FE1AF1691EFF82EC24AC /* Pods-CondoriSnapchat.release.xcconfig */,
			);
			path = Pods;
			sourceTree = "<group>";
		};
		8F422AFD1DCBC7CC87F93246 /* Frameworks */ = {
			isa = PBXGroup;
			children = (
				4E974097A217D6FC5C699BFE /* Pods_CondoriSnapchat.framework */,
			);
			name = Frameworks;
			sourceTree = "<group>";
		};
		A8CA4EE12A27A60000FA1C48 = {
			isa = PBXGroup;
			children = (
				A8CA4EEC2A27A60100FA1C48 /* CondoriSnapchat */,
				A8CA4EEB2A27A60100FA1C48 /* Products */,
				78F4A8A70B4B202A6DC52AE0 /* Pods */,
				8F422AFD1DCBC7CC87F93246 /* Frameworks */,
			);
			sourceTree = "<group>";
		};
		A8CA4EEB2A27A60100FA1C48 /* Products */ = {
			isa = PBXGroup;
			children = (
				A8CA4EEA2A27A60100FA1C48 /* CondoriSnapchat.app */,
			);
			name = Products;
			sourceTree = "<group>";
		};
		A8CA4EEC2A27A60100FA1C48 /* CondoriSnapchat */ = {
			isa = PBXGroup;
			children = (
				A8CA4EED2A27A60100FA1C48 /* AppDelegate.swift */,
				A8CA4EEF2A27A60100FA1C48 /* SceneDelegate.swift */,
				A8CA4EF12A27A60100FA1C48 /* iniciarSesionViewController.swift */,
				A8CA4EF32A27A60100FA1C48 /* Main.storyboard */,
				A8CA4EF62A27A60200FA1C48 /* Assets.xcassets */,
				A8CA4EF82A27A60200FA1C48 /* LaunchScreen.storyboard */,
				A8CA4EFB2A27A60200FA1C48 /* Info.plist */,
				77C1A1DF2A2D523D0048DAF2 /* GoogleService-Info.plist */,
			);
			path = CondoriSnapchat;
			sourceTree = "<group>";
		};
/* End PBXGroup section */

/* Begin PBXNativeTarget section */
		A8CA4EE92A27A60100FA1C48 /* CondoriSnapchat */ = {
			isa = PBXNativeTarget;
			buildConfigurationList = A8CA4EFE2A27A60200FA1C48 /* Build configuration list for PBXNativeTarget "CondoriSnapchat" */;
			buildPhases = (
				FAB0FE18BE93ADD1240A4A9A /* [CP] Check Pods Manifest.lock */,
				A8CA4EE62A27A60100FA1C48 /* Sources */,
				A8CA4EE72A27A60100FA1C48 /* Frameworks */,
				A8CA4EE82A27A60100FA1C48 /* Resources */,
				88EEF7E6EC1FE0FE2BDA871D /* [CP] Embed Pods Frameworks */,
			);
			buildRules = (
			);
			dependencies = (
			);
			name = CondoriSnapchat;
			productName = CondoriSnapchat;
			productReference = A8CA4EEA2A27A60100FA1C48 /* CondoriSnapchat.app */;
			productType = "com.apple.product-type.application";
		};
/* End PBXNativeTarget section */

/* Begin PBXProject section */
		A8CA4EE22A27A60000FA1C48 /* Project object */ = {
			isa = PBXProject;
			attributes = {
				BuildIndependentTargetsInParallel = 1;
				LastSwiftUpdateCheck = 1340;
				LastUpgradeCheck = 1340;
				TargetAttributes = {
					A8CA4EE92A27A60100FA1C48 = {
						CreatedOnToolsVersion = 13.4.1;
					};
				};
			};
			buildConfigurationList = A8CA4EE52A27A60000FA1C48 /* Build configuration list for PBXProject "CondoriSnapchat" */;
			compatibilityVersion = "Xcode 13.0";
			developmentRegion = en;
			hasScannedForEncodings = 0;
			knownRegions = (
				en,
				Base,
			);
			mainGroup = A8CA4EE12A27A60000FA1C48;
			productRefGroup = A8CA4EEB2A27A60100FA1C48 /* Products */;
			projectDirPath = "";
			projectRoot = "";
			targets = (
				A8CA4EE92A27A60100FA1C48 /* CondoriSnapchat */,
			);
		};
/* End PBXProject section */

/* Begin PBXResourcesBuildPhase section */
		A8CA4EE82A27A60100FA1C48 /* Resources */ = {
			isa = PBXResourcesBuildPhase;
			buildActionMask = 2147483647;
			files = (
				A8CA4EFA2A27A60200FA1C48 /* LaunchScreen.storyboard in Resources */,
				77C1A1E02A2D523D0048DAF2 /* GoogleService-Info.plist in Resources */,
				A8CA4EF72A27A60200FA1C48 /* Assets.xcassets in Resources */,
				A8CA4EF52A27A60100FA1C48 /* Main.storyboard in Resources */,
			);
			runOnlyForDeploymentPostprocessing = 0;
		};
/* End PBXResourcesBuildPhase section */

/* Begin PBXShellScriptBuildPhase section */
		88EEF7E6EC1FE0FE2BDA871D /* [CP] Embed Pods Frameworks */ = {
			isa = PBXShellScriptBuildPhase;
			buildActionMask = 2147483647;
			files = (
			);
			inputFileListPaths = (
				"${PODS_ROOT}/Target Support Files/Pods-CondoriSnapchat/Pods-CondoriSnapchat-frameworks-${CONFIGURATION}-input-files.xcfilelist",
			);
			name = "[CP] Embed Pods Frameworks";
			outputFileListPaths = (
				"${PODS_ROOT}/Target Support Files/Pods-CondoriSnapchat/Pods-CondoriSnapchat-frameworks-${CONFIGURATION}-output-files.xcfilelist",
			);
			runOnlyForDeploymentPostprocessing = 0;
			shellPath = /bin/sh;
			shellScript = "\"${PODS_ROOT}/Target Support Files/Pods-CondoriSnapchat/Pods-CondoriSnapchat-frameworks.sh\"\n";
			showEnvVarsInLog = 0;
		};
		FAB0FE18BE93ADD1240A4A9A /* [CP] Check Pods Manifest.lock */ = {
			isa = PBXShellScriptBuildPhase;
			buildActionMask = 2147483647;
			files = (
			);
			inputFileListPaths = (
			);
			inputPaths = (
				"${PODS_PODFILE_DIR_PATH}/Podfile.lock",
				"${PODS_ROOT}/Manifest.lock",
			);
			name = "[CP] Check Pods Manifest.lock";
			outputFileListPaths = (
			);
			outputPaths = (
				"$(DERIVED_FILE_DIR)/Pods-CondoriSnapchat-checkManifestLockResult.txt",
			);
			runOnlyForDeploymentPostprocessing = 0;
			shellPath = /bin/sh;
			shellScript = "diff \"${PODS_PODFILE_DIR_PATH}/Podfile.lock\" \"${PODS_ROOT}/Manifest.lock\" > /dev/null\nif [ $? != 0 ] ; then\n    # print error to STDERR\n    echo \"error: The sandbox is not in sync with the Podfile.lock. Run 'pod install' or update your CocoaPods installation.\" >&2\n    exit 1\nfi\n# This output is used by Xcode 'outputs' to avoid re-running this script phase.\necho \"SUCCESS\" > \"${SCRIPT_OUTPUT_FILE_0}\"\n";
			showEnvVarsInLog = 0;
		};
/* End PBXShellScriptBuildPhase section */

/* Begin PBXSourcesBuildPhase section */
		A8CA4EE62A27A60100FA1C48 /* Sources */ = {
			isa = PBXSourcesBuildPhase;
			buildActionMask = 2147483647;
			files = (
				A8CA4EF22A27A60100FA1C48 /* iniciarSesionViewController.swift in Sources */,
				A8CA4EEE2A27A60100FA1C48 /* AppDelegate.swift in Sources */,
				A8CA4EF02A27A60100FA1C48 /* SceneDelegate.swift in Sources */,
			);
			runOnlyForDeploymentPostprocessing = 0;
		};
/* End PBXSourcesBuildPhase section */

/* Begin PBXVariantGroup section */
		A8CA4EF32A27A60100FA1C48 /* Main.storyboard */ = {
			isa = PBXVariantGroup;
			children = (
				A8CA4EF42A27A60100FA1C48 /* Base */,
			);
			name = Main.storyboard;
			sourceTree = "<group>";
		};
		A8CA4EF82A27A60200FA1C48 /* LaunchScreen.storyboard */ = {
			isa = PBXVariantGroup;
			children = (
				A8CA4EF92A27A60200FA1C48 /* Base */,
			);
			name = LaunchScreen.storyboard;
			sourceTree = "<group>";
		};
/* End PBXVariantGroup section */

/* Begin XCBuildConfiguration section */
		A8CA4EFC2A27A60200FA1C48 /* Debug */ = {
			isa = XCBuildConfiguration;
			buildSettings = {
				ALWAYS_SEARCH_USER_PATHS = NO;
				CLANG_ANALYZER_NONNULL = YES;
				CLANG_ANALYZER_NUMBER_OBJECT_CONVERSION = YES_AGGRESSIVE;
				CLANG_CXX_LANGUAGE_STANDARD = "gnu++17";
				CLANG_ENABLE_MODULES = YES;
				CLANG_ENABLE_OBJC_ARC = YES;
				CLANG_ENABLE_OBJC_WEAK = YES;
				CLANG_WARN_BLOCK_CAPTURE_AUTORELEASING = YES;
				CLANG_WARN_BOOL_CONVERSION = YES;
				CLANG_WARN_COMMA = YES;
				CLANG_WARN_CONSTANT_CONVERSION = YES;
				CLANG_WARN_DEPRECATED_OBJC_IMPLEMENTATIONS = YES;
				CLANG_WARN_DIRECT_OBJC_ISA_USAGE = YES_ERROR;
				CLANG_WARN_DOCUMENTATION_COMMENTS = YES;
				CLANG_WARN_EMPTY_BODY = YES;
				CLANG_WARN_ENUM_CONVERSION = YES;
				CLANG_WARN_INFINITE_RECURSION = YES;
				CLANG_WARN_INT_CONVERSION = YES;
				CLANG_WARN_NON_LITERAL_NULL_CONVERSION = YES;
				CLANG_WARN_OBJC_IMPLICIT_RETAIN_SELF = YES;
				CLANG_WARN_OBJC_LITERAL_CONVERSION = YES;
				CLANG_WARN_OBJC_ROOT_CLASS = YES_ERROR;
				CLANG_WARN_QUOTED_INCLUDE_IN_FRAMEWORK_HEADER = YES;
				CLANG_WARN_RANGE_LOOP_ANALYSIS = YES;
				CLANG_WARN_STRICT_PROTOTYPES = YES;
				CLANG_WARN_SUSPICIOUS_MOVE = YES;
				CLANG_WARN_UNGUARDED_AVAILABILITY = YES_AGGRESSIVE;
				CLANG_WARN_UNREACHABLE_CODE = YES;
				CLANG_WARN__DUPLICATE_METHOD_MATCH = YES;
				COPY_PHASE_STRIP = NO;
				DEBUG_INFORMATION_FORMAT = dwarf;
				ENABLE_STRICT_OBJC_MSGSEND = YES;
				ENABLE_TESTABILITY = YES;
				GCC_C_LANGUAGE_STANDARD = gnu11;
				GCC_DYNAMIC_NO_PIC = NO;
				GCC_NO_COMMON_BLOCKS = YES;
				GCC_OPTIMIZATION_LEVEL = 0;
				GCC_PREPROCESSOR_DEFINITIONS = (
					"DEBUG=1",
					"$(inherited)",
				);
				GCC_WARN_64_TO_32_BIT_CONVERSION = YES;
				GCC_WARN_ABOUT_RETURN_TYPE = YES_ERROR;
				GCC_WARN_UNDECLARED_SELECTOR = YES;
				GCC_WARN_UNINITIALIZED_AUTOS = YES_AGGRESSIVE;
				GCC_WARN_UNUSED_FUNCTION = YES;
				GCC_WARN_UNUSED_VARIABLE = YES;
				IPHONEOS_DEPLOYMENT_TARGET = 15.5;
				MTL_ENABLE_DEBUG_INFO = INCLUDE_SOURCE;
				MTL_FAST_MATH = YES;
				ONLY_ACTIVE_ARCH = YES;
				SDKROOT = iphoneos;
				SWIFT_ACTIVE_COMPILATION_CONDITIONS = DEBUG;
				SWIFT_OPTIMIZATION_LEVEL = "-Onone";
			};
			name = Debug;
		};
		A8CA4EFD2A27A60200FA1C48 /* Release */ = {
			isa = XCBuildConfiguration;
			buildSettings = {
				ALWAYS_SEARCH_USER_PATHS = NO;
				CLANG_ANALYZER_NONNULL = YES;
				CLANG_ANALYZER_NUMBER_OBJECT_CONVERSION = YES_AGGRESSIVE;
				CLANG_CXX_LANGUAGE_STANDARD = "gnu++17";
				CLANG_ENABLE_MODULES = YES;
				CLANG_ENABLE_OBJC_ARC = YES;
				CLANG_ENABLE_OBJC_WEAK = YES;
				CLANG_WARN_BLOCK_CAPTURE_AUTORELEASING = YES;
				CLANG_WARN_BOOL_CONVERSION = YES;
				CLANG_WARN_COMMA = YES;
				CLANG_WARN_CONSTANT_CONVERSION = YES;
				CLANG_WARN_DEPRECATED_OBJC_IMPLEMENTATIONS = YES;
				CLANG_WARN_DIRECT_OBJC_ISA_USAGE = YES_ERROR;
				CLANG_WARN_DOCUMENTATION_COMMENTS = YES;
				CLANG_WARN_EMPTY_BODY = YES;
				CLANG_WARN_ENUM_CONVERSION = YES;
				CLANG_WARN_INFINITE_RECURSION = YES;
				CLANG_WARN_INT_CONVERSION = YES;
				CLANG_WARN_NON_LITERAL_NULL_CONVERSION = YES;
				CLANG_WARN_OBJC_IMPLICIT_RETAIN_SELF = YES;
				CLANG_WARN_OBJC_LITERAL_CONVERSION = YES;
				CLANG_WARN_OBJC_ROOT_CLASS = YES_ERROR;
				CLANG_WARN_QUOTED_INCLUDE_IN_FRAMEWORK_HEADER = YES;
				CLANG_WARN_RANGE_LOOP_ANALYSIS = YES;
				CLANG_WARN_STRICT_PROTOTYPES = YES;
				CLANG_WARN_SUSPICIOUS_MOVE = YES;
				CLANG_WARN_UNGUARDED_AVAILABILITY = YES_AGGRESSIVE;
				CLANG_WARN_UNREACHABLE_CODE = YES;
				CLANG_WARN__DUPLICATE_METHOD_MATCH = YES;
				COPY_PHASE_STRIP = NO;
				DEBUG_INFORMATION_FORMAT = "dwarf-with-dsym";
				ENABLE_NS_ASSERTIONS = NO;
				ENABLE_STRICT_OBJC_MSGSEND = YES;
				GCC_C_LANGUAGE_STANDARD = gnu11;
				GCC_NO_COMMON_BLOCKS = YES;
				GCC_WARN_64_TO_32_BIT_CONVERSION = YES;
				GCC_WARN_ABOUT_RETURN_TYPE = YES_ERROR;
				GCC_WARN_UNDECLARED_SELECTOR = YES;
				GCC_WARN_UNINITIALIZED_AUTOS = YES_AGGRESSIVE;
				GCC_WARN_UNUSED_FUNCTION = YES;
				GCC_WARN_UNUSED_VARIABLE = YES;
				IPHONEOS_DEPLOYMENT_TARGET = 15.5;
				MTL_ENABLE_DEBUG_INFO = NO;
				MTL_FAST_MATH = YES;
				SDKROOT = iphoneos;
				SWIFT_COMPILATION_MODE = wholemodule;
				SWIFT_OPTIMIZATION_LEVEL = "-O";
				VALIDATE_PRODUCT = YES;
			};
			name = Release;
		};
		A8CA4EFF2A27A60200FA1C48 /* Debug */ = {
			isa = XCBuildConfiguration;
			baseConfigurationReference = 77CDE7E7C55FB25F8AA5FDF8 /* Pods-CondoriSnapchat.debug.xcconfig */;
			buildSettings = {
				ASSETCATALOG_COMPILER_APPICON_NAME = AppIcon;
				ASSETCATALOG_COMPILER_GLOBAL_ACCENT_COLOR_NAME = AccentColor;
				CODE_SIGN_STYLE = Automatic;
				CURRENT_PROJECT_VERSION = 1;
				GENERATE_INFOPLIST_FILE = YES;
				INFOPLIST_FILE = CondoriSnapchat/Info.plist;
				INFOPLIST_KEY_UIApplicationSupportsIndirectInputEvents = YES;
				INFOPLIST_KEY_UILaunchStoryboardName = LaunchScreen;
				INFOPLIST_KEY_UIMainStoryboardFile = Main;
				INFOPLIST_KEY_UISupportedInterfaceOrientations_iPad = "UIInterfaceOrientationPortrait UIInterfaceOrientationPortraitUpsideDown UIInterfaceOrientationLandscapeLeft UIInterfaceOrientationLandscapeRight";
				INFOPLIST_KEY_UISupportedInterfaceOrientations_iPhone = "UIInterfaceOrientationPortrait UIInterfaceOrientationLandscapeLeft UIInterfaceOrientationLandscapeRight";
				LD_RUNPATH_SEARCH_PATHS = (
					"$(inherited)",
					"@executable_path/Frameworks",
				);
				MARKETING_VERSION = 1.0;
				PRODUCT_BUNDLE_IDENTIFIER = miempresa.com.CondoriSnapchat;
				PRODUCT_NAME = "$(TARGET_NAME)";
				SWIFT_EMIT_LOC_STRINGS = YES;
				SWIFT_VERSION = 5.0;
				TARGETED_DEVICE_FAMILY = "1,2";
			};
			name = Debug;
		};
		A8CA4F002A27A60200FA1C48 /* Release */ = {
			isa = XCBuildConfiguration;
			baseConfigurationReference = 4518FE1AF1691EFF82EC24AC /* Pods-CondoriSnapchat.release.xcconfig */;
			buildSettings = {
				ASSETCATALOG_COMPILER_APPICON_NAME = AppIcon;
				ASSETCATALOG_COMPILER_GLOBAL_ACCENT_COLOR_NAME = AccentColor;
				CODE_SIGN_STYLE = Automatic;
				CURRENT_PROJECT_VERSION = 1;
				GENERATE_INFOPLIST_FILE = YES;
				INFOPLIST_FILE = CondoriSnapchat/Info.plist;
				INFOPLIST_KEY_UIApplicationSupportsIndirectInputEvents = YES;
				INFOPLIST_KEY_UILaunchStoryboardName = LaunchScreen;
				INFOPLIST_KEY_UIMainStoryboardFile = Main;
				INFOPLIST_KEY_UISupportedInterfaceOrientations_iPad = "UIInterfaceOrientationPortrait UIInterfaceOrientationPortraitUpsideDown UIInterfaceOrientationLandscapeLeft UIInterfaceOrientationLandscapeRight";
				INFOPLIST_KEY_UISupportedInterfaceOrientations_iPhone = "UIInterfaceOrientationPortrait UIInterfaceOrientationLandscapeLeft UIInterfaceOrientationLandscapeRight";
				LD_RUNPATH_SEARCH_PATHS = (
					"$(inherited)",
					"@executable_path/Frameworks",
				);
				MARKETING_VERSION = 1.0;
				PRODUCT_BUNDLE_IDENTIFIER = miempresa.com.CondoriSnapchat;
				PRODUCT_NAME = "$(TARGET_NAME)";
				SWIFT_EMIT_LOC_STRINGS = YES;
				SWIFT_VERSION = 5.0;
				TARGETED_DEVICE_FAMILY = "1,2";
			};
			name = Release;
		};
/* End XCBuildConfiguration section */

/* Begin XCConfigurationList section */
		A8CA4EE52A27A60000FA1C48 /* Build configuration list for PBXProject "CondoriSnapchat" */ = {
			isa = XCConfigurationList;
			buildConfigurations = (
				A8CA4EFC2A27A60200FA1C48 /* Debug */,
				A8CA4EFD2A27A60200FA1C48 /* Release */,
			);
			defaultConfigurationIsVisible = 0;
			defaultConfigurationName = Release;
		};
		A8CA4EFE2A27A60200FA1C48 /* Build configuration list for PBXNativeTarget "CondoriSnapchat" */ = {
			isa = XCConfigurationList;
			buildConfigurations = (
				A8CA4EFF2A27A60200FA1C48 /* Debug */,
				A8CA4F002A27A60200FA1C48 /* Release */,
			);
			defaultConfigurationIsVisible = 0;
			defaultConfigurationName = Release;
		};
/* End XCConfigurationList section */
	};
	rootObject = A8CA4EE22A27A60000FA1C48 /* Project object */;
}
